// !$*UTF8*$!
{
	archiveVersion = 1;
	classes = {
	};
	objectVersion = 48;
	objects = {

/* Begin PBXBuildFile section */
		2ECDCA2B255FF35B00E92FB3 /* cpp2xl.hpp in Headers */ = {isa = PBXBuildFile; fileRef = 2ECDCA2A255FF35B00E92FB3 /* cpp2xl.hpp */; };
		2ECDCA2F255FF35B00E92FB3 /* cpp2xl.cpp in Sources */ = {isa = PBXBuildFile; fileRef = 2ECDCA2E255FF35B00E92FB3 /* cpp2xl.cpp */; };
		2ECDCA3B255FF3A700E92FB3 /* gaussians.hpp in Headers */ = {isa = PBXBuildFile; fileRef = 2ECDCA39255FF3A700E92FB3 /* gaussians.hpp */; };
		2ECDCA3C255FF3A700E92FB3 /* monteCarlo.hpp in Headers */ = {isa = PBXBuildFile; fileRef = 2ECDCA3A255FF3A700E92FB3 /* monteCarlo.hpp */; };
		2ECDCA3E255FF3D800E92FB3 /* blackScholes.hpp in Headers */ = {isa = PBXBuildFile; fileRef = 2ECDCA3D255FF3D800E92FB3 /* blackScholes.hpp */; };
/* End PBXBuildFile section */

/* Begin PBXFileReference section */
		2ECDCA27255FF35B00E92FB3 /* libcpp2xl.dylib */ = {isa = PBXFileReference; explicitFileType = "compiled.mach-o.dylib"; includeInIndex = 0; path = libcpp2xl.dylib; sourceTree = BUILT_PRODUCTS_DIR; };
		2ECDCA2A255FF35B00E92FB3 /* cpp2xl.hpp */ = {isa = PBXFileReference; lastKnownFileType = sourcecode.cpp.h; path = cpp2xl.hpp; sourceTree = "<group>"; };
		2ECDCA2E255FF35B00E92FB3 /* cpp2xl.cpp */ = {isa = PBXFileReference; lastKnownFileType = sourcecode.cpp.cpp; path = cpp2xl.cpp; sourceTree = "<group>"; };
		2ECDCA39255FF3A700E92FB3 /* gaussians.hpp */ = {isa = PBXFileReference; fileEncoding = 4; lastKnownFileType = sourcecode.cpp.h; path = gaussians.hpp; sourceTree = "<group>"; };
		2ECDCA3A255FF3A700E92FB3 /* monteCarlo.hpp */ = {isa = PBXFileReference; fileEncoding = 4; lastKnownFileType = sourcecode.cpp.h; path = monteCarlo.hpp; sourceTree = "<group>"; };
		2ECDCA3D255FF3D800E92FB3 /* blackScholes.hpp */ = {isa = PBXFileReference; fileEncoding = 4; lastKnownFileType = sourcecode.cpp.h; path = blackScholes.hpp; sourceTree = "<group>"; };
/* End PBXFileReference section */

/* Begin PBXFrameworksBuildPhase section */
		2ECDCA24255FF35B00E92FB3 /* Frameworks */ = {
			isa = PBXFrameworksBuildPhase;
			buildActionMask = 2147483647;
			files = (
			);
			runOnlyForDeploymentPostprocessing = 0;
		};
/* End PBXFrameworksBuildPhase section */

/* Begin PBXGroup section */
		2ECDCA1E255FF35B00E92FB3 = {
			isa = PBXGroup;
			children = (
				2ECDCA29255FF35B00E92FB3 /* cpp2xl */,
				2ECDCA28255FF35B00E92FB3 /* Products */,
			);
			sourceTree = "<group>";
		};
		2ECDCA28255FF35B00E92FB3 /* Products */ = {
			isa = PBXGroup;
			children = (
				2ECDCA27255FF35B00E92FB3 /* libcpp2xl.dylib */,
			);
			name = Products;
			sourceTree = "<group>";
		};
		2ECDCA29255FF35B00E92FB3 /* cpp2xl */ = {
			isa = PBXGroup;
			children = (
				2ECDCA2A255FF35B00E92FB3 /* cpp2xl.hpp */,
				2ECDCA2E255FF35B00E92FB3 /* cpp2xl.cpp */,
				2ECDCA3D255FF3D800E92FB3 /* blackScholes.hpp */,
				2ECDCA39255FF3A700E92FB3 /* gaussians.hpp */,
				2ECDCA3A255FF3A700E92FB3 /* monteCarlo.hpp */,
			);
			path = cpp2xl;
			sourceTree = "<group>";
		};
/* End PBXGroup section */

/* Begin PBXHeadersBuildPhase section */
		2ECDCA25255FF35B00E92FB3 /* Headers */ = {
			isa = PBXHeadersBuildPhase;
			buildActionMask = 2147483647;
			files = (
				2ECDCA3C255FF3A700E92FB3 /* monteCarlo.hpp in Headers */,
				2ECDCA2B255FF35B00E92FB3 /* cpp2xl.hpp in Headers */,
				2ECDCA3B255FF3A700E92FB3 /* gaussians.hpp in Headers */,
				2ECDCA3E255FF3D800E92FB3 /* blackScholes.hpp in Headers */,
			);
			runOnlyForDeploymentPostprocessing = 0;
		};
/* End PBXHeadersBuildPhase section */

/* Begin PBXNativeTarget section */
		2ECDCA26255FF35B00E92FB3 /* cpp2xl */ = {
			isa = PBXNativeTarget;
			buildConfigurationList = 2ECDCA32255FF35B00E92FB3 /* Build configuration list for PBXNativeTarget "cpp2xl" */;
			buildPhases = (
				2ECDCA23255FF35B00E92FB3 /* Sources */,
				2ECDCA24255FF35B00E92FB3 /* Frameworks */,
				2ECDCA25255FF35B00E92FB3 /* Headers */,
			);
			buildRules = (
			);
			dependencies = (
			);
			name = cpp2xl;
			productName = cpp2xl;
			productReference = 2ECDCA27255FF35B00E92FB3 /* libcpp2xl.dylib */;
			productType = "com.apple.product-type.library.dynamic";
		};
/* End PBXNativeTarget section */

/* Begin PBXProject section */
		2ECDCA1F255FF35B00E92FB3 /* Project object */ = {
			isa = PBXProject;
			attributes = {
				LastUpgradeCheck = 0920;
				ORGANIZATIONNAME = "Magnus Mencke";
				TargetAttributes = {
					2ECDCA26255FF35B00E92FB3 = {
						CreatedOnToolsVersion = 9.2;
						ProvisioningStyle = Automatic;
					};
				};
			};
			buildConfigurationList = 2ECDCA22255FF35B00E92FB3 /* Build configuration list for PBXProject "cpp2xl" */;
			compatibilityVersion = "Xcode 8.0";
			developmentRegion = en;
			hasScannedForEncodings = 0;
			knownRegions = (
				en,
			);
			mainGroup = 2ECDCA1E255FF35B00E92FB3;
			productRefGroup = 2ECDCA28255FF35B00E92FB3 /* Products */;
			projectDirPath = "";
			projectRoot = "";
			targets = (
				2ECDCA26255FF35B00E92FB3 /* cpp2xl */,
			);
		};
/* End PBXProject section */

/* Begin PBXSourcesBuildPhase section */
		2ECDCA23255FF35B00E92FB3 /* Sources */ = {
			isa = PBXSourcesBuildPhase;
			buildActionMask = 2147483647;
			files = (
				2ECDCA2F255FF35B00E92FB3 /* cpp2xl.cpp in Sources */,
			);
			runOnlyForDeploymentPostprocessing = 0;
		};
/* End PBXSourcesBuildPhase section */

/* Begin XCBuildConfiguration section */
		2ECDCA30255FF35B00E92FB3 /* Debug */ = {
			isa = XCBuildConfiguration;
			buildSettings = {
				ALWAYS_SEARCH_USER_PATHS = NO;
				CLANG_ANALYZER_NONNULL = YES;
				CLANG_ANALYZER_NUMBER_OBJECT_CONVERSION = YES_AGGRESSIVE;
				CLANG_CXX_LANGUAGE_STANDARD = "gnu++14";
				CLANG_CXX_LIBRARY = "libc++";
				CLANG_ENABLE_MODULES = YES;
				CLANG_ENABLE_OBJC_ARC = YES;
				CLANG_WARN_BLOCK_CAPTURE_AUTORELEASING = YES;
				CLANG_WARN_BOOL_CONVERSION = YES;
				CLANG_WARN_COMMA = YES;
				CLANG_WARN_CONSTANT_CONVERSION = YES;
				CLANG_WARN_DIRECT_OBJC_ISA_USAGE = YES_ERROR;
				CLANG_WARN_DOCUMENTATION_COMMENTS = YES;
				CLANG_WARN_EMPTY_BODY = YES;
				CLANG_WARN_ENUM_CONVERSION = YES;
				CLANG_WARN_INFINITE_RECURSION = YES;
				CLANG_WARN_INT_CONVERSION = YES;
				CLANG_WARN_NON_LITERAL_NULL_CONVERSION = YES;
				CLANG_WARN_OBJC_LITERAL_CONVERSION = YES;
				CLANG_WARN_OBJC_ROOT_CLASS = YES_ERROR;
				CLANG_WARN_RANGE_LOOP_ANALYSIS = YES;
				CLANG_WARN_STRICT_PROTOTYPES = YES;
				CLANG_WARN_SUSPICIOUS_MOVE = YES;
				CLANG_WARN_UNGUARDED_AVAILABILITY = YES_AGGRESSIVE;
				CLANG_WARN_UNREACHABLE_CODE = YES;
				CLANG_WARN__DUPLICATE_METHOD_MATCH = YES;
				CODE_SIGN_IDENTITY = "-";
				COPY_PHASE_STRIP = NO;
				DEBUG_INFORMATION_FORMAT = dwarf;
				ENABLE_STRICT_OBJC_MSGSEND = YES;
				ENABLE_TESTABILITY = YES;
				GCC_C_LANGUAGE_STANDARD = gnu11;
				GCC_DYNAMIC_NO_PIC = NO;
				GCC_NO_COMMON_BLOCKS = YES;
				GCC_OPTIMIZATION_LEVEL = 0;
				GCC_PREPROCESSOR_DEFINITIONS = (
					"DEBUG=1",
					"$(inherited)",
				);
				GCC_WARN_64_TO_32_BIT_CONVERSION = YES;
				GCC_WARN_ABOUT_RETURN_TYPE = YES_ERROR;
				GCC_WARN_UNDECLARED_SELECTOR = YES;
				GCC_WARN_UNINITIALIZED_AUTOS = YES_AGGRESSIVE;
				GCC_WARN_UNUSED_FUNCTION = YES;
				GCC_WARN_UNUSED_VARIABLE = YES;
				MACOSX_DEPLOYMENT_TARGET = 10.12;
				MTL_ENABLE_DEBUG_INFO = YES;
				ONLY_ACTIVE_ARCH = YES;
				SDKROOT = macosx;
			};
			name = Debug;
		};
		2ECDCA31255FF35B00E92FB3 /* Release */ = {
			isa = XCBuildConfiguration;
			buildSettings = {
				ALWAYS_SEARCH_USER_PATHS = NO;
				CLANG_ANALYZER_NONNULL = YES;
				CLANG_ANALYZER_NUMBER_OBJECT_CONVERSION = YES_AGGRESSIVE;
				CLANG_CXX_LANGUAGE_STANDARD = "gnu++14";
				CLANG_CXX_LIBRARY = "libc++";
				CLANG_ENABLE_MODULES = YES;
				CLANG_ENABLE_OBJC_ARC = YES;
				CLANG_WARN_BLOCK_CAPTURE_AUTORELEASING = YES;
				CLANG_WARN_BOOL_CONVERSION = YES;
				CLANG_WARN_COMMA = YES;
				CLANG_WARN_CONSTANT_CONVERSION = YES;
				CLANG_WARN_DIRECT_OBJC_ISA_USAGE = YES_ERROR;
				CLANG_WARN_DOCUMENTATION_COMMENTS = YES;
				CLANG_WARN_EMPTY_BODY = YES;
				CLANG_WARN_ENUM_CONVERSION = YES;
				CLANG_WARN_INFINITE_RECURSION = YES;
				CLANG_WARN_INT_CONVERSION = YES;
				CLANG_WARN_NON_LITERAL_NULL_CONVERSION = YES;
				CLANG_WARN_OBJC_LITERAL_CONVERSION = YES;
				CLANG_WARN_OBJC_ROOT_CLASS = YES_ERROR;
				CLANG_WARN_RANGE_LOOP_ANALYSIS = YES;
				CLANG_WARN_STRICT_PROTOTYPES = YES;
				CLANG_WARN_SUSPICIOUS_MOVE = YES;
				CLANG_WARN_UNGUARDED_AVAILABILITY = YES_AGGRESSIVE;
				CLANG_WARN_UNREACHABLE_CODE = YES;
				CLANG_WARN__DUPLICATE_METHOD_MATCH = YES;
				CODE_SIGN_IDENTITY = "-";
				COPY_PHASE_STRIP = NO;
				DEBUG_INFORMATION_FORMAT = "dwarf-with-dsym";
				ENABLE_NS_ASSERTIONS = NO;
				ENABLE_STRICT_OBJC_MSGSEND = YES;
				GCC_C_LANGUAGE_STANDARD = gnu11;
				GCC_NO_COMMON_BLOCKS = YES;
				GCC_WARN_64_TO_32_BIT_CONVERSION = YES;
				GCC_WARN_ABOUT_RETURN_TYPE = YES_ERROR;
				GCC_WARN_UNDECLARED_SELECTOR = YES;
				GCC_WARN_UNINITIALIZED_AUTOS = YES_AGGRESSIVE;
				GCC_WARN_UNUSED_FUNCTION = YES;
				GCC_WARN_UNUSED_VARIABLE = YES;
				MACOSX_DEPLOYMENT_TARGET = 10.12;
				MTL_ENABLE_DEBUG_INFO = NO;
				SDKROOT = macosx;
			};
			name = Release;
		};
		2ECDCA33255FF35B00E92FB3 /* Debug */ = {
			isa = XCBuildConfiguration;
			buildSettings = {
				CODE_SIGN_STYLE = Automatic;
				DYLIB_COMPATIBILITY_VERSION = 1;
				DYLIB_CURRENT_VERSION = 1;
				EXECUTABLE_PREFIX = lib;
				GCC_ENABLE_CPP_EXCEPTIONS = YES;
				GCC_ENABLE_CPP_RTTI = YES;
				GCC_SYMBOLS_PRIVATE_EXTERN = YES;
				PRODUCT_NAME = "$(TARGET_NAME)";
			};
			name = Debug;
		};
		2ECDCA34255FF35B00E92FB3 /* Release */ = {
			isa = XCBuildConfiguration;
			buildSettings = {
				CODE_SIGN_STYLE = Automatic;
				DYLIB_COMPATIBILITY_VERSION = 1;
				DYLIB_CURRENT_VERSION = 1;
				EXECUTABLE_PREFIX = lib;
				GCC_ENABLE_CPP_EXCEPTIONS = YES;
				GCC_ENABLE_CPP_RTTI = YES;
				GCC_SYMBOLS_PRIVATE_EXTERN = YES;
				PRODUCT_NAME = "$(TARGET_NAME)";
			};
			name = Release;
		};
/* End XCBuildConfiguration section */

/* Begin XCConfigurationList section */
		2ECDCA22255FF35B00E92FB3 /* Build configuration list for PBXProject "cpp2xl" */ = {
			isa = XCConfigurationList;
			buildConfigurations = (
				2ECDCA30255FF35B00E92FB3 /* Debug */,
				2ECDCA31255FF35B00E92FB3 /* Release */,
			);
			defaultConfigurationIsVisible = 0;
			defaultConfigurationName = Release;
		};
		2ECDCA32255FF35B00E92FB3 /* Build configuration list for PBXNativeTarget "cpp2xl" */ = {
			isa = XCConfigurationList;
			buildConfigurations = (
				2ECDCA33255FF35B00E92FB3 /* Debug */,
				2ECDCA34255FF35B00E92FB3 /* Release */,
			);
			defaultConfigurationIsVisible = 0;
			defaultConfigurationName = Release;
		};
/* End XCConfigurationList section */
	};
	rootObject = 2ECDCA1F255FF35B00E92FB3 /* Project object */;
}
